
Microsoft Visual Studio Solution File, Format Version 12.00
# Visual Studio Version 17
VisualStudioVersion = 17.11.35222.181
MinimumVisualStudioVersion = 10.0.40219.1
Project("{FAE04EC0-301F-11D3-BF4B-00C04F79EFBC}") = "demo2001", "demo2001.csproj", "{60D281A7-6B21-43F1-98E5-12C86321B280}"
EndProject
Global
	GlobalSection(SolutionConfigurationPlatforms) = preSolution
		Debug|Any CPU = Debug|Any CPU
		Release|Any CPU = Release|Any CPU
	EndGlobalSection
	GlobalSection(ProjectConfigurationPlatforms) = postSolution
		{60D281A7-6B21-43F1-98E5-12C86321B280}.Debug|Any CPU.ActiveCfg = Debug|Any CPU
		{60D281A7-6B21-43F1-98E5-12C86321B280}.Debug|Any CPU.Build.0 = Debug|Any CPU
		{60D281A7-6B21-43F1-98E5-12C86321B280}.Release|Any CPU.ActiveCfg = Release|Any CPU
		{60D281A7-6B21-43F1-98E5-12C86321B280}.Release|Any CPU.Build.0 = Release|Any CPU
	EndGlobalSection
	GlobalSection(SolutionProperties) = preSolution
		HideSolutionNode = FALSE
	EndGlobalSection
	GlobalSection(ExtensibilityGlobals) = postSolution
		SolutionGuid = {22EC9F16-FA56-4524-ABDE-1FAE01DBE590}
	EndGlobalSection
EndGlobal
